
Microsoft Visual Studio Solution File, Format Version 12.00
# Visual Studio 15
VisualStudioVersion = 15.0.26730.16
MinimumVisualStudioVersion = 10.0.40219.1
Project("{9A19103F-16F7-4668-BE54-9A1E7A4F7556}") = "pmilet.Playback", "src\pmilet.Playback\pmilet.Playback.csproj", "{3DB38391-4C3C-4460-BE21-CDD9CF637E1A}"
EndProject
Project("{9A19103F-16F7-4668-BE54-9A1E7A4F7556}") = "ApiGateway Sample", "tst\ApiGateway Sample\ApiGateway Sample.csproj", "{CCA7E1DD-CF4A-48F2-B4B5-48360B813066}"
EndProject
Project("{2150E333-8FDC-42A3-9474-1A3956D46DE8}") = "Solution Items", "Solution Items", "{460ECF6F-4F74-4AF6-906D-A6B9EE5E5120}"
	ProjectSection(SolutionItems) = preProject
		LICENSE = LICENSE
		nuget.config = nuget.config
		README.md = README.md
	EndProjectSection
EndProject
Project("{2150E333-8FDC-42A3-9474-1A3956D46DE8}") = "tst", "tst", "{E98DA495-144B-4E71-A48E-0CFDF8667175}"
EndProject
Global
	GlobalSection(SolutionConfigurationPlatforms) = preSolution
		Debug|Any CPU = Debug|Any CPU
		Release|Any CPU = Release|Any CPU
	EndGlobalSection
	GlobalSection(ProjectConfigurationPlatforms) = postSolution
		{3DB38391-4C3C-4460-BE21-CDD9CF637E1A}.Debug|Any CPU.ActiveCfg = Debug|Any CPU
		{3DB38391-4C3C-4460-BE21-CDD9CF637E1A}.Debug|Any CPU.Build.0 = Debug|Any CPU
		{3DB38391-4C3C-4460-BE21-CDD9CF637E1A}.Release|Any CPU.ActiveCfg = Release|Any CPU
		{3DB38391-4C3C-4460-BE21-CDD9CF637E1A}.Release|Any CPU.Build.0 = Release|Any CPU
		{CCA7E1DD-CF4A-48F2-B4B5-48360B813066}.Debug|Any CPU.ActiveCfg = Debug|Any CPU
		{CCA7E1DD-CF4A-48F2-B4B5-48360B813066}.Debug|Any CPU.Build.0 = Debug|Any CPU
		{CCA7E1DD-CF4A-48F2-B4B5-48360B813066}.Release|Any CPU.ActiveCfg = Release|Any CPU
		{CCA7E1DD-CF4A-48F2-B4B5-48360B813066}.Release|Any CPU.Build.0 = Release|Any CPU
	EndGlobalSection
	GlobalSection(SolutionProperties) = preSolution
		HideSolutionNode = FALSE
	EndGlobalSection
	GlobalSection(NestedProjects) = preSolution
		{CCA7E1DD-CF4A-48F2-B4B5-48360B813066} = {E98DA495-144B-4E71-A48E-0CFDF8667175}
	EndGlobalSection
	GlobalSection(ExtensibilityGlobals) = postSolution
		SolutionGuid = {2323340C-4725-4D0D-8A6E-F61F82BC5FC6}
	EndGlobalSection
EndGlobal
